
Microsoft Visual Studio Solution File, Format Version 12.00
# Visual Studio Version 16
VisualStudioVersion = 16.0.31702.278
MinimumVisualStudioVersion = 10.0.40219.1
Project("{FAE04EC0-301F-11D3-BF4B-00C04F79EFBC}") = "IsiNemSensor", "IsiNemSensor\IsiNemSensor.csproj", "{6B493E92-D7F2-4148-ADA8-19C7F4F5F76D}"
EndProject
Global
	GlobalSection(SolutionConfigurationPlatforms) = preSolution
		Debug|Any CPU = Debug|Any CPU
		Release|Any CPU = Release|Any CPU
	EndGlobalSection
	GlobalSection(ProjectConfigurationPlatforms) = postSolution
		{6B493E92-D7F2-4148-ADA8-19C7F4F5F76D}.Debug|Any CPU.ActiveCfg = Debug|Any CPU
		{6B493E92-D7F2-4148-ADA8-19C7F4F5F76D}.Debug|Any CPU.Build.0 = Debug|Any CPU
		{6B493E92-D7F2-4148-ADA8-19C7F4F5F76D}.Release|Any CPU.ActiveCfg = Release|Any CPU
		{6B493E92-D7F2-4148-ADA8-19C7F4F5F76D}.Release|Any CPU.Build.0 = Release|Any CPU
	EndGlobalSection
	GlobalSection(SolutionProperties) = preSolution
		HideSolutionNode = FALSE
	EndGlobalSection
	GlobalSection(ExtensibilityGlobals) = postSolution
		SolutionGuid = {67A0E30F-B51D-42FF-8009-A5B630CB20CD}
	EndGlobalSection
EndGlobal
